
Microsoft Visual Studio Solution File, Format Version 12.00
# Visual Studio 15
VisualStudioVersion = 15.0.28307.168
MinimumVisualStudioVersion = 10.0.40219.1
Project("{FAE04EC0-301F-11D3-BF4B-00C04F79EFBC}") = "CAPITAL", "TALLER\CAPITAL.csproj", "{79CB9F62-7659-4FA6-8189-8A543BCC39B5}"
EndProject
Global
	GlobalSection(SolutionConfigurationPlatforms) = preSolution
		Debug|Any CPU = Debug|Any CPU
		Release|Any CPU = Release|Any CPU
	EndGlobalSection
	GlobalSection(ProjectConfigurationPlatforms) = postSolution
		{79CB9F62-7659-4FA6-8189-8A543BCC39B5}.Debug|Any CPU.ActiveCfg = Debug|Any CPU
		{79CB9F62-7659-4FA6-8189-8A543BCC39B5}.Debug|Any CPU.Build.0 = Debug|Any CPU
		{79CB9F62-7659-4FA6-8189-8A543BCC39B5}.Release|Any CPU.ActiveCfg = Release|Any CPU
		{79CB9F62-7659-4FA6-8189-8A543BCC39B5}.Release|Any CPU.Build.0 = Release|Any CPU
	EndGlobalSection
	GlobalSection(SolutionProperties) = preSolution
		HideSolutionNode = FALSE
	EndGlobalSection
	GlobalSection(ExtensibilityGlobals) = postSolution
		SolutionGuid = {06E2ED7B-8E26-4289-9EBA-97E264D1DA91}
	EndGlobalSection
EndGlobal
